// !$*UTF8*$!
{
	archiveVersion = 1;
	classes = {
	};
	objectVersion = 52;
	objects = {

/* Begin PBXBuildFile section */
		1E30425C23BADB5E00A60B3B /* AppDelegate.swift in Sources */ = {isa = PBXBuildFile; fileRef = 1E30425B23BADB5E00A60B3B /* AppDelegate.swift */; };
		1E30425E23BADB5E00A60B3B /* SceneDelegate.swift in Sources */ = {isa = PBXBuildFile; fileRef = 1E30425D23BADB5E00A60B3B /* SceneDelegate.swift */; };
		1E30426023BADB5E00A60B3B /* ContentView.swift in Sources */ = {isa = PBXBuildFile; fileRef = 1E30425F23BADB5E00A60B3B /* ContentView.swift */; };
		1E30426223BADB6300A60B3B /* Assets.xcassets in Resources */ = {isa = PBXBuildFile; fileRef = 1E30426123BADB6300A60B3B /* Assets.xcassets */; };
		1E30426523BADB6300A60B3B /* Preview Assets.xcassets in Resources */ = {isa = PBXBuildFile; fileRef = 1E30426423BADB6300A60B3B /* Preview Assets.xcassets */; };
		1E30426823BADB6300A60B3B /* LaunchScreen.storyboard in Resources */ = {isa = PBXBuildFile; fileRef = 1E30426623BADB6300A60B3B /* LaunchScreen.storyboard */; };
		1E30427223BADB9200A60B3B /* TextView in Frameworks */ = {isa = PBXBuildFile; productRef = 1E30427123BADB9200A60B3B /* TextView */; };
/* End PBXBuildFile section */

/* Begin PBXFileReference section */
		1E30425823BADB5E00A60B3B /* TextViewSample.app */ = {isa = PBXFileReference; explicitFileType = wrapper.application; includeInIndex = 0; path = TextViewSample.app; sourceTree = BUILT_PRODUCTS_DIR; };
		1E30425B23BADB5E00A60B3B /* AppDelegate.swift */ = {isa = PBXFileReference; lastKnownFileType = sourcecode.swift; path = AppDelegate.swift; sourceTree = "<group>"; };
		1E30425D23BADB5E00A60B3B /* SceneDelegate.swift */ = {isa = PBXFileReference; lastKnownFileType = sourcecode.swift; path = SceneDelegate.swift; sourceTree = "<group>"; };
		1E30425F23BADB5E00A60B3B /* ContentView.swift */ = {isa = PBXFileReference; lastKnownFileType = sourcecode.swift; path = ContentView.swift; sourceTree = "<group>"; };
		1E30426123BADB6300A60B3B /* Assets.xcassets */ = {isa = PBXFileReference; lastKnownFileType = folder.assetcatalog; path = Assets.xcassets; sourceTree = "<group>"; };
		1E30426423BADB6300A60B3B /* Preview Assets.xcassets */ = {isa = PBXFileReference; lastKnownFileType = folder.assetcatalog; path = "Preview Assets.xcassets"; sourceTree = "<group>"; };
		1E30426723BADB6300A60B3B /* Base */ = {isa = PBXFileReference; lastKnownFileType = file.storyboard; name = Base; path = Base.lproj/LaunchScreen.storyboard; sourceTree = "<group>"; };
		1E30426923BADB6300A60B3B /* Info.plist */ = {isa = PBXFileReference; lastKnownFileType = text.plist.xml; path = Info.plist; sourceTree = "<group>"; };
		1E30426F23BADB7800A60B3B /* TextView */ = {isa = PBXFileReference; lastKnownFileType = folder; name = TextView; path = ..; sourceTree = "<group>"; };
/* End PBXFileReference section */

/* Begin PBXFrameworksBuildPhase section */
		1E30425523BADB5E00A60B3B /* Frameworks */ = {
			isa = PBXFrameworksBuildPhase;
			buildActionMask = 2147483647;
			files = (
				1E30427223BADB9200A60B3B /* TextView in Frameworks */,
			);
			runOnlyForDeploymentPostprocessing = 0;
		};
/* End PBXFrameworksBuildPhase section */

/* Begin PBXGroup section */
		1E30424F23BADB5E00A60B3B = {
			isa = PBXGroup;
			children = (
				1E30426F23BADB7800A60B3B /* TextView */,
				1E30425A23BADB5E00A60B3B /* TextViewSample */,
				1E30425923BADB5E00A60B3B /* Products */,
				1E30427023BADB9200A60B3B /* Frameworks */,
			);
			sourceTree = "<group>";
		};
		1E30425923BADB5E00A60B3B /* Products */ = {
			isa = PBXGroup;
			children = (
				1E30425823BADB5E00A60B3B /* TextViewSample.app */,
			);
			name = Products;
			sourceTree = "<group>";
		};
		1E30425A23BADB5E00A60B3B /* TextViewSample */ = {
			isa = PBXGroup;
			children = (
				1E30425B23BADB5E00A60B3B /* AppDelegate.swift */,
				1E30425D23BADB5E00A60B3B /* SceneDelegate.swift */,
				1E30425F23BADB5E00A60B3B /* ContentView.swift */,
				1E30426123BADB6300A60B3B /* Assets.xcassets */,
				1E30426623BADB6300A60B3B /* LaunchScreen.storyboard */,
				1E30426923BADB6300A60B3B /* Info.plist */,
				1E30426323BADB6300A60B3B /* Preview Content */,
			);
			path = TextViewSample;
			sourceTree = "<group>";
		};
		1E30426323BADB6300A60B3B /* Preview Content */ = {
			isa = PBXGroup;
			children = (
				1E30426423BADB6300A60B3B /* Preview Assets.xcassets */,
			);
			path = "Preview Content";
			sourceTree = "<group>";
		};
		1E30427023BADB9200A60B3B /* Frameworks */ = {
			isa = PBXGroup;
			children = (
			);
			name = Frameworks;
			sourceTree = "<group>";
		};
/* End PBXGroup section */

/* Begin PBXNativeTarget section */
		1E30425723BADB5E00A60B3B /* TextViewSample */ = {
			isa = PBXNativeTarget;
			buildConfigurationList = 1E30426C23BADB6300A60B3B /* Build configuration list for PBXNativeTarget "TextViewSample" */;
			buildPhases = (
				1E30425423BADB5E00A60B3B /* Sources */,
				1E30425523BADB5E00A60B3B /* Frameworks */,
				1E30425623BADB5E00A60B3B /* Resources */,
			);
			buildRules = (
			);
			dependencies = (
			);
			name = TextViewSample;
			packageProductDependencies = (
				1E30427123BADB9200A60B3B /* TextView */,
			);
			productName = TextViewSample;
			productReference = 1E30425823BADB5E00A60B3B /* TextViewSample.app */;
			productType = "com.apple.product-type.application";
		};
/* End PBXNativeTarget section */

/* Begin PBXProject section */
		1E30425023BADB5E00A60B3B /* Project object */ = {
			isa = PBXProject;
			attributes = {
				LastSwiftUpdateCheck = 1130;
				LastUpgradeCheck = 1130;
				ORGANIZATIONNAME = "Peking University";
				TargetAttributes = {
					1E30425723BADB5E00A60B3B = {
						CreatedOnToolsVersion = 11.3;
					};
				};
			};
			buildConfigurationList = 1E30425323BADB5E00A60B3B /* Build configuration list for PBXProject "TextViewSample" */;
			compatibilityVersion = "Xcode 9.3";
			developmentRegion = en;
			hasScannedForEncodings = 0;
			knownRegions = (
				en,
				Base,
			);
			mainGroup = 1E30424F23BADB5E00A60B3B;
			productRefGroup = 1E30425923BADB5E00A60B3B /* Products */;
			projectDirPath = "";
			projectRoot = "";
			targets = (
				1E30425723BADB5E00A60B3B /* TextViewSample */,
			);
		};
/* End PBXProject section */

/* Begin PBXResourcesBuildPhase section */
		1E30425623BADB5E00A60B3B /* Resources */ = {
			isa = PBXResourcesBuildPhase;
			buildActionMask = 2147483647;
			files = (
				1E30426823BADB6300A60B3B /* LaunchScreen.storyboard in Resources */,
				1E30426523BADB6300A60B3B /* Preview Assets.xcassets in Resources */,
				1E30426223BADB6300A60B3B /* Assets.xcassets in Resources */,
			);
			runOnlyForDeploymentPostprocessing = 0;
		};
/* End PBXResourcesBuildPhase section */

/* Begin PBXSourcesBuildPhase section */
		1E30425423BADB5E00A60B3B /* Sources */ = {
			isa = PBXSourcesBuildPhase;
			buildActionMask = 2147483647;
			files = (
				1E30425C23BADB5E00A60B3B /* AppDelegate.swift in Sources */,
				1E30425E23BADB5E00A60B3B /* SceneDelegate.swift in Sources */,
				1E30426023BADB5E00A60B3B /* ContentView.swift in Sources */,
			);
			runOnlyForDeploymentPostprocessing = 0;
		};
/* End PBXSourcesBuildPhase section */

/* Begin PBXVariantGroup section */
		1E30426623BADB6300A60B3B /* LaunchScreen.storyboard */ = {
			isa = PBXVariantGroup;
			children = (
				1E30426723BADB6300A60B3B /* Base */,
			);
			name = LaunchScreen.storyboard;
			sourceTree = "<group>";
		};
/* End PBXVariantGroup section */

/* Begin XCBuildConfiguration section */
		1E30426A23BADB6300A60B3B /* Debug */ = {
			isa = XCBuildConfiguration;
			buildSettings = {
				ALWAYS_SEARCH_USER_PATHS = NO;
				CLANG_ANALYZER_NONNULL = YES;
				CLANG_ANALYZER_NUMBER_OBJECT_CONVERSION = YES_AGGRESSIVE;
				CLANG_CXX_LANGUAGE_STANDARD = "gnu++14";
				CLANG_CXX_LIBRARY = "libc++";
				CLANG_ENABLE_MODULES = YES;
				CLANG_ENABLE_OBJC_ARC = YES;
				CLANG_ENABLE_OBJC_WEAK = YES;
				CLANG_WARN_BLOCK_CAPTURE_AUTORELEASING = YES;
				CLANG_WARN_BOOL_CONVERSION = YES;
				CLANG_WARN_COMMA = YES;
				CLANG_WARN_CONSTANT_CONVERSION = YES;
				CLANG_WARN_DEPRECATED_OBJC_IMPLEMENTATIONS = YES;
				CLANG_WARN_DIRECT_OBJC_ISA_USAGE = YES_ERROR;
				CLANG_WARN_DOCUMENTATION_COMMENTS = YES;
				CLANG_WARN_EMPTY_BODY = YES;
				CLANG_WARN_ENUM_CONVERSION = YES;
				CLANG_WARN_INFINITE_RECURSION = YES;
				CLANG_WARN_INT_CONVERSION = YES;
				CLANG_WARN_NON_LITERAL_NULL_CONVERSION = YES;
				CLANG_WARN_OBJC_IMPLICIT_RETAIN_SELF = YES;
				CLANG_WARN_OBJC_LITERAL_CONVERSION = YES;
				CLANG_WARN_OBJC_ROOT_CLASS = YES_ERROR;
				CLANG_WARN_RANGE_LOOP_ANALYSIS = YES;
				CLANG_WARN_STRICT_PROTOTYPES = YES;
				CLANG_WARN_SUSPICIOUS_MOVE = YES;
				CLANG_WARN_UNGUARDED_AVAILABILITY = YES_AGGRESSIVE;
				CLANG_WARN_UNREACHABLE_CODE = YES;
				CLANG_WARN__DUPLICATE_METHOD_MATCH = YES;
				COPY_PHASE_STRIP = NO;
				DEBUG_INFORMATION_FORMAT = dwarf;
				ENABLE_STRICT_OBJC_MSGSEND = YES;
				ENABLE_TESTABILITY = YES;
				GCC_C_LANGUAGE_STANDARD = gnu11;
				GCC_DYNAMIC_NO_PIC = NO;
				GCC_NO_COMMON_BLOCKS = YES;
				GCC_OPTIMIZATION_LEVEL = 0;
				GCC_PREPROCESSOR_DEFINITIONS = (
					"DEBUG=1",
					"$(inherited)",
				);
				GCC_WARN_64_TO_32_BIT_CONVERSION = YES;
				GCC_WARN_ABOUT_RETURN_TYPE = YES_ERROR;
				GCC_WARN_UNDECLARED_SELECTOR = YES;
				GCC_WARN_UNINITIALIZED_AUTOS = YES_AGGRESSIVE;
				GCC_WARN_UNUSED_FUNCTION = YES;
				GCC_WARN_UNUSED_VARIABLE = YES;
				IPHONEOS_DEPLOYMENT_TARGET = 13.2;
				MTL_ENABLE_DEBUG_INFO = INCLUDE_SOURCE;
				MTL_FAST_MATH = YES;
				ONLY_ACTIVE_ARCH = YES;
				SDKROOT = iphoneos;
				SWIFT_ACTIVE_COMPILATION_CONDITIONS = DEBUG;
				SWIFT_OPTIMIZATION_LEVEL = "-Onone";
			};
			name = Debug;
		};
		1E30426B23BADB6300A60B3B /* Release */ = {
			isa = XCBuildConfiguration;
			buildSettings = {
				ALWAYS_SEARCH_USER_PATHS = NO;
				CLANG_ANALYZER_NONNULL = YES;
				CLANG_ANALYZER_NUMBER_OBJECT_CONVERSION = YES_AGGRESSIVE;
				CLANG_CXX_LANGUAGE_STANDARD = "gnu++14";
				CLANG_CXX_LIBRARY = "libc++";
				CLANG_ENABLE_MODULES = YES;
				CLANG_ENABLE_OBJC_ARC = YES;
				CLANG_ENABLE_OBJC_WEAK = YES;
				CLANG_WARN_BLOCK_CAPTURE_AUTORELEASING = YES;
				CLANG_WARN_BOOL_CONVERSION = YES;
				CLANG_WARN_COMMA = YES;
				CLANG_WARN_CONSTANT_CONVERSION = YES;
				CLANG_WARN_DEPRECATED_OBJC_IMPLEMENTATIONS = YES;
				CLANG_WARN_DIRECT_OBJC_ISA_USAGE = YES_ERROR;
				CLANG_WARN_DOCUMENTATION_COMMENTS = YES;
				CLANG_WARN_EMPTY_BODY = YES;
				CLANG_WARN_ENUM_CONVERSION = YES;
				CLANG_WARN_INFINITE_RECURSION = YES;
				CLANG_WARN_INT_CONVERSION = YES;
				CLANG_WARN_NON_LITERAL_NULL_CONVERSION = YES;
				CLANG_WARN_OBJC_IMPLICIT_RETAIN_SELF = YES;
				CLANG_WARN_OBJC_LITERAL_CONVERSION = YES;
				CLANG_WARN_OBJC_ROOT_CLASS = YES_ERROR;
				CLANG_WARN_RANGE_LOOP_ANALYSIS = YES;
				CLANG_WARN_STRICT_PROTOTYPES = YES;
				CLANG_WARN_SUSPICIOUS_MOVE = YES;
				CLANG_WARN_UNGUARDED_AVAILABILITY = YES_AGGRESSIVE;
				CLANG_WARN_UNREACHABLE_CODE = YES;
				CLANG_WARN__DUPLICATE_METHOD_MATCH = YES;
				COPY_PHASE_STRIP = NO;
				DEBUG_INFORMATION_FORMAT = "dwarf-with-dsym";
				ENABLE_NS_ASSERTIONS = NO;
				ENABLE_STRICT_OBJC_MSGSEND = YES;
				GCC_C_LANGUAGE_STANDARD = gnu11;
				GCC_NO_COMMON_BLOCKS = YES;
				GCC_WARN_64_TO_32_BIT_CONVERSION = YES;
				GCC_WARN_ABOUT_RETURN_TYPE = YES_ERROR;
				GCC_WARN_UNDECLARED_SELECTOR = YES;
				GCC_WARN_UNINITIALIZED_AUTOS = YES_AGGRESSIVE;
				GCC_WARN_UNUSED_FUNCTION = YES;
				GCC_WARN_UNUSED_VARIABLE = YES;
				IPHONEOS_DEPLOYMENT_TARGET = 13.2;
				MTL_ENABLE_DEBUG_INFO = NO;
				MTL_FAST_MATH = YES;
				SDKROOT = iphoneos;
				SWIFT_COMPILATION_MODE = wholemodule;
				SWIFT_OPTIMIZATION_LEVEL = "-O";
				VALIDATE_PRODUCT = YES;
			};
			name = Release;
		};
		1E30426D23BADB6300A60B3B /* Debug */ = {
			isa = XCBuildConfiguration;
			buildSettings = {
				ASSETCATALOG_COMPILER_APPICON_NAME = AppIcon;
				CODE_SIGN_STYLE = Automatic;
				DEVELOPMENT_ASSET_PATHS = "\"TextViewSample/Preview Content\"";
				DEVELOPMENT_TEAM = JQ7389Q38X;
				ENABLE_PREVIEWS = YES;
				INFOPLIST_FILE = TextViewSample/Info.plist;
				LD_RUNPATH_SEARCH_PATHS = (
					"$(inherited)",
					"@executable_path/Frameworks",
				);
				PRODUCT_BUNDLE_IDENTIFIER = cn.edu.pku.ss.TextViewSample;
				PRODUCT_NAME = "$(TARGET_NAME)";
				SWIFT_VERSION = 5.0;
				TARGETED_DEVICE_FAMILY = "1,2";
			};
			name = Debug;
		};
		1E30426E23BADB6300A60B3B /* Release */ = {
			isa = XCBuildConfiguration;
			buildSettings = {
				ASSETCATALOG_COMPILER_APPICON_NAME = AppIcon;
				CODE_SIGN_STYLE = Automatic;
				DEVELOPMENT_ASSET_PATHS = "\"TextViewSample/Preview Content\"";
				DEVELOPMENT_TEAM = JQ7389Q38X;
				ENABLE_PREVIEWS = YES;
				INFOPLIST_FILE = TextViewSample/Info.plist;
				LD_RUNPATH_SEARCH_PATHS = (
					"$(inherited)",
					"@executable_path/Frameworks",
				);
				PRODUCT_BUNDLE_IDENTIFIER = cn.edu.pku.ss.TextViewSample;
				PRODUCT_NAME = "$(TARGET_NAME)";
				SWIFT_VERSION = 5.0;
				TARGETED_DEVICE_FAMILY = "1,2";
			};
			name = Release;
		};
/* End XCBuildConfiguration section */

/* Begin XCConfigurationList section */
		1E30425323BADB5E00A60B3B /* Build configuration list for PBXProject "TextViewSample" */ = {
			isa = XCConfigurationList;
			buildConfigurations = (
				1E30426A23BADB6300A60B3B /* Debug */,
				1E30426B23BADB6300A60B3B /* Release */,
			);
			defaultConfigurationIsVisible = 0;
			defaultConfigurationName = Release;
		};
		1E30426C23BADB6300A60B3B /* Build configuration list for PBXNativeTarget "TextViewSample" */ = {
			isa = XCConfigurationList;
			buildConfigurations = (
				1E30426D23BADB6300A60B3B /* Debug */,
				1E30426E23BADB6300A60B3B /* Release */,
			);
			defaultConfigurationIsVisible = 0;
			defaultConfigurationName = Release;
		};
/* End XCConfigurationList section */

/* Begin XCSwiftPackageProductDependency section */
		1E30427123BADB9200A60B3B /* TextView */ = {
			isa = XCSwiftPackageProductDependency;
			productName = TextView;
		};
/* End XCSwiftPackageProductDependency section */
	};
	rootObject = 1E30425023BADB5E00A60B3B /* Project object */;
}
